{
  "lockfileVersion": 1,
  "configVersion": 1,
  "workspaces": {
    "": {
      "name": "pathmx-skills",
      "devDependencies": {
        "@fellowhumans/pathmx": "0.1.25",
        "yaml": "2.9.0",
      },
    },
  },
  "packages": {
    "@fellowhumans/pathmx": ["@fellowhumans/pathmx@0.1.25", "", { "bin": { "pathmx": "dist/pathmx.js", "pmx": "dist/pathmx.js" } }, "sha512-gmxzizQWL9re8hcpVzgGAoPcMERV+WUIT5KFWUVsAPsWtd0tt0El/aCkSIk82CbN4/RbArHiN1BkDEg70NdFkg=="],

    "yaml": ["yaml@2.9.0", "", { "bin": { "yaml": "bin.mjs" } }, "sha512-2AvhNX3mb8zd6Zy7INTtSpl1F15HW6Wnqj0srWlkKLcpYl/gMIMJiyuGq2KeI2YFxUPjdlB+3Lc10seMLtL4cA=="],
  }
}
